<Solution>
  <Folder Name="/src/" />
  <Folder Name="/src/Apps/">
    <Project Path="src/Apps/MultiTenant.Api/MultiTenant.Api.csproj" />
  </Folder>
  <Folder Name="/src/Common/">
    <Project Path="src/Common/MultiTenant.Application/MultiTenant.Application.csproj" />
    <Project Path="src/Common/MultiTenant.Domain/MultiTenant.Domain.csproj" />
    <Project Path="src/Common/MultiTenant.Infrastructure/MultiTenant.Infrastructure.csproj" />
  </Folder>
</Solution>
